
Microsoft Visual Studio Solution File, Format Version 12.00
# Visual Studio Version 16
VisualStudioVersion = 16.0.31729.503
MinimumVisualStudioVersion = 10.0.40219.1
Project("{FAE04EC0-301F-11D3-BF4B-00C04F79EFBC}") = "RestaurantAPI", "RestaurantAPI2\RestaurantAPI.csproj", "{7B4AD96B-7F5A-4E7E-B26A-EB4A1CC06B5F}"
EndProject
Global
	GlobalSection(SolutionConfigurationPlatforms) = preSolution
		Debug|Any CPU = Debug|Any CPU
		Release|Any CPU = Release|Any CPU
	EndGlobalSection
	GlobalSection(ProjectConfigurationPlatforms) = postSolution
		{7B4AD96B-7F5A-4E7E-B26A-EB4A1CC06B5F}.Debug|Any CPU.ActiveCfg = Debug|Any CPU
		{7B4AD96B-7F5A-4E7E-B26A-EB4A1CC06B5F}.Debug|Any CPU.Build.0 = Debug|Any CPU
		{7B4AD96B-7F5A-4E7E-B26A-EB4A1CC06B5F}.Release|Any CPU.ActiveCfg = Release|Any CPU
		{7B4AD96B-7F5A-4E7E-B26A-EB4A1CC06B5F}.Release|Any CPU.Build.0 = Release|Any CPU
	EndGlobalSection
	GlobalSection(SolutionProperties) = preSolution
		HideSolutionNode = FALSE
	EndGlobalSection
	GlobalSection(ExtensibilityGlobals) = postSolution
		SolutionGuid = {2144C898-C401-4CD4-A84A-B80EF12F593B}
	EndGlobalSection
EndGlobal
